
Microsoft Visual Studio Solution File, Format Version 12.00
# Visual Studio 14
VisualStudioVersion = 14.0.25420.1
MinimumVisualStudioVersion = 10.0.40219.1
Project("{FAE04EC0-301F-11D3-BF4B-00C04F79EFBC}") = "单机版", "FaceSysByMvvm\单机版.csproj", "{DA17B46E-F8F6-4710-BA75-5CEC6F16A710}"
EndProject
Global
	GlobalSection(SolutionConfigurationPlatforms) = preSolution
		Debug|Any CPU = Debug|Any CPU
		Release|Any CPU = Release|Any CPU
	EndGlobalSection
	GlobalSection(ProjectConfigurationPlatforms) = postSolution
		{DA17B46E-F8F6-4710-BA75-5CEC6F16A710}.Debug|Any CPU.ActiveCfg = Debug|Any CPU
		{DA17B46E-F8F6-4710-BA75-5CEC6F16A710}.Debug|Any CPU.Build.0 = Debug|Any CPU
		{DA17B46E-F8F6-4710-BA75-5CEC6F16A710}.Release|Any CPU.ActiveCfg = Release|Any CPU
		{DA17B46E-F8F6-4710-BA75-5CEC6F16A710}.Release|Any CPU.Build.0 = Release|Any CPU
	EndGlobalSection
	GlobalSection(SolutionProperties) = preSolution
		HideSolutionNode = FALSE
	EndGlobalSection
	GlobalSection(ExtensibilityGlobals) = postSolution
		VisualSVNWorkingCopyRoot = .
	EndGlobalSection
EndGlobal
